
Microsoft Visual Studio Solution File, Format Version 12.00
# Visual Studio Version 16
VisualStudioVersion = 16.0.30011.22
MinimumVisualStudioVersion = 10.0.40219.1
Project("{FAE04EC0-301F-11D3-BF4B-00C04F79EFBC}") = "Associacao", "Associacao\Associacao.csproj", "{BF01E502-C21B-4717-91AA-4C99E1B37481}"
EndProject
Global
	GlobalSection(SolutionConfigurationPlatforms) = preSolution
		Debug|Any CPU = Debug|Any CPU
		Release|Any CPU = Release|Any CPU
	EndGlobalSection
	GlobalSection(ProjectConfigurationPlatforms) = postSolution
		{BF01E502-C21B-4717-91AA-4C99E1B37481}.Debug|Any CPU.ActiveCfg = Debug|Any CPU
		{BF01E502-C21B-4717-91AA-4C99E1B37481}.Debug|Any CPU.Build.0 = Debug|Any CPU
		{BF01E502-C21B-4717-91AA-4C99E1B37481}.Release|Any CPU.ActiveCfg = Release|Any CPU
		{BF01E502-C21B-4717-91AA-4C99E1B37481}.Release|Any CPU.Build.0 = Release|Any CPU
	EndGlobalSection
	GlobalSection(SolutionProperties) = preSolution
		HideSolutionNode = FALSE
	EndGlobalSection
	GlobalSection(ExtensibilityGlobals) = postSolution
		SolutionGuid = {9F387EA3-7379-4CDD-BF0B-DF136B8C9FA1}
	EndGlobalSection
EndGlobal
