
Microsoft Visual Studio Solution File, Format Version 12.00
# Visual Studio Version 16
VisualStudioVersion = 16.0.30114.105
MinimumVisualStudioVersion = 10.0.40219.1
Project("{FAE04EC0-301F-11D3-BF4B-00C04F79EFBC}") = "AcademiaPOO", "AcademiaPOO.csproj", "{BD34AD7D-7288-46FC-AD8C-F2D59FE93B42}"
EndProject
Global
	GlobalSection(SolutionConfigurationPlatforms) = preSolution
		Debug|Any CPU = Debug|Any CPU
		Release|Any CPU = Release|Any CPU
	EndGlobalSection
	GlobalSection(ProjectConfigurationPlatforms) = postSolution
		{BD34AD7D-7288-46FC-AD8C-F2D59FE93B42}.Debug|Any CPU.ActiveCfg = Debug|Any CPU
		{BD34AD7D-7288-46FC-AD8C-F2D59FE93B42}.Debug|Any CPU.Build.0 = Debug|Any CPU
		{BD34AD7D-7288-46FC-AD8C-F2D59FE93B42}.Release|Any CPU.ActiveCfg = Release|Any CPU
		{BD34AD7D-7288-46FC-AD8C-F2D59FE93B42}.Release|Any CPU.Build.0 = Release|Any CPU
	EndGlobalSection
	GlobalSection(SolutionProperties) = preSolution
		HideSolutionNode = FALSE
	EndGlobalSection
	GlobalSection(ExtensibilityGlobals) = postSolution
		SolutionGuid = {3CEBECF8-3230-43AA-8C1F-6C4FBD42AB1E}
	EndGlobalSection
EndGlobal
